
Microsoft Visual Studio Solution File, Format Version 12.00
# Visual Studio 14
VisualStudioVersion = 14.0.25420.1
MinimumVisualStudioVersion = 10.0.40219.1
Project("{FAE04EC0-301F-11D3-BF4B-00C04F79EFBC}") = "UnitTestCSharp", "UnitTestCSharp\UnitTestCSharp.csproj", "{EBA25034-6F59-4B19-85DC-E5637236CC8B}"
EndProject
Project("{FAE04EC0-301F-11D3-BF4B-00C04F79EFBC}") = "BasketTests", "BasketTests\BasketTests.csproj", "{06F1C2ED-AA74-44FE-8251-832A4BCA4C8A}"
EndProject
Global
	GlobalSection(SolutionConfigurationPlatforms) = preSolution
		Debug|Any CPU = Debug|Any CPU
		Release|Any CPU = Release|Any CPU
	EndGlobalSection
	GlobalSection(ProjectConfigurationPlatforms) = postSolution
		{EBA25034-6F59-4B19-85DC-E5637236CC8B}.Debug|Any CPU.ActiveCfg = Debug|Any CPU
		{EBA25034-6F59-4B19-85DC-E5637236CC8B}.Debug|Any CPU.Build.0 = Debug|Any CPU
		{EBA25034-6F59-4B19-85DC-E5637236CC8B}.Release|Any CPU.ActiveCfg = Release|Any CPU
		{EBA25034-6F59-4B19-85DC-E5637236CC8B}.Release|Any CPU.Build.0 = Release|Any CPU
		{06F1C2ED-AA74-44FE-8251-832A4BCA4C8A}.Debug|Any CPU.ActiveCfg = Debug|Any CPU
		{06F1C2ED-AA74-44FE-8251-832A4BCA4C8A}.Debug|Any CPU.Build.0 = Debug|Any CPU
		{06F1C2ED-AA74-44FE-8251-832A4BCA4C8A}.Release|Any CPU.ActiveCfg = Release|Any CPU
		{06F1C2ED-AA74-44FE-8251-832A4BCA4C8A}.Release|Any CPU.Build.0 = Release|Any CPU
	EndGlobalSection
	GlobalSection(SolutionProperties) = preSolution
		HideSolutionNode = FALSE
	EndGlobalSection
EndGlobal
